{
  "name": "portfolio",
  "lockfileVersion": 3,
  "requires": true,
  "packages": {
    "": {
      "dependencies": {
        "@emailjs/browser": "^4.3.3",
        "typescript": "^5.4.5"
      }
    },
    "node_modules/@emailjs/browser": {
      "version": "4.3.3",
      "resolved": "https://registry.npmjs.org/@emailjs/browser/-/browser-4.3.3.tgz",
      "integrity": "sha512-ltpt2S/WVREIBXptxYAVYBvXb2O6yTUYiRUWF8OLikMxlmiGsIgKpgHppikNd4Df0uAav7jCsQKcOJ3TJFUx5g==",
      "engines": {
        "node": ">=14.0.0"
      }
    },
    "node_modules/typescript": {
      "version": "5.4.5",
      "resolved": "https://registry.npmjs.org/typescript/-/typescript-5.4.5.tgz",
      "integrity": "sha512-vcI4UpRgg81oIRUFwR0WSIHKt11nJ7SAVlYNIu+QpqeyXP+gpQJy/Z4+F0aGxSE4MqwjyXvW/TzgkLAx2AGHwQ==",
      "bin": {
        "tsc": "bin/tsc",
        "tsserver": "bin/tsserver"
      },
      "engines": {
        "node": ">=14.17"
      }
    }
  }
}
